fortio.org/cli v1.10.0 h1:BsJXuBrJxBLqE+62gHSOQBRzY+EvE/sF1MnjIexUSI8=
fortio.org/cli v1.10.0/go.mod h1:DNxA/oD3cQaOtTean8Sgr78lJrwGLIs06X8U/G3va+M=
fortio.org/log v1.17.2 h1:JPX/ApDXDoGzsNtXw0AJI4ai6tl9wHp4Ch6bVs1OK0Y=
fortio.org/log v1.17.2/go.mod h1:1V7bPfFI7ZVTdtN9DnUCAN0ilEMs5VgKjHIDRO7Mjzk=
fortio.org/safecast v1.0.0 h1:dr3131WPX8iS1pTf76+39WeXbTrerDYLvi9s7Oi3wiY=
fortio.org/safecast v1.0.0/go.mod h1:xZmcPk3vi4kuUFf+tq4SvnlVdwViqf6ZSZl91Jr9Jdg=
fortio.org/struct2env v0.4.2 h1:Xh7HlS9vf2ZdRvRfmoGIasNDO8t6z36M713utVODRCo=
fortio.org/struct2env v0.4.2/go.mod h1:lENUe70UwA1zDUCX+8AsO663QCFqYaprk5lnPhjD410=
fortio.org/terminal v0.43.0 h1:GfVk61u5+wo1Wdn1+xZMkRwQNEUKApe2qlQo0YNwZnY=
fortio.org/terminal v0.43.0/go.mod h1:twcjcB02x/IFrJLueWqXLmnXFCb5apQzVQ9nCHT8TRU=
fortio.org/version v1.0.4 h1:FWUMpJ+hVTNc4RhvvOJzb0xesrlRmG/a+D6bjbQ4+5U=
fortio.org/version v1.0.4/go.mod h1:2JQp9Ax+tm6QKiGuzR5nJY63kFeANcgrZ0osoQFDVm0=
github.com/kortschak/goroutine v1.1.2 h1:lhllcCuERxMIK5cYr8yohZZScL1na+JM5JYPRclWjck=
github.com/kortschak/goroutine v1.1.2/go.mod h1:zKpXs1FWN/6mXasDQzfl7g0LrGFIOiA6cLs9eXKyaMY=
golang.org/x/crypto/x509roots/fallback v0.0.0-20250406160420-959f8f3db0fb h1:Iu0p/klM0SM7atONioa/bPhLS7cjhnip99x1OIGibwg=
golang.org/x/crypto/x509roots/fallback v0.0.0-20250406160420-959f8f3db0fb/go.mod h1:lxN5T34bK4Z/i6cMaU7frUU57VkDXFD4Kamfl/cp9oU=
